# @generated - this file is auto-generated by `mise lock` https://mise.jdx.dev/dev-tools/mise-lock.html

lockfile_version = 1

[[tools.dotnet]]
version = "11.0.100-preview.7.26381.103"
backend = "core:dotnet"
specifiers = ["11.0.100-preview.7.26381.103"]

[[tools.mcp-publisher]]
version = "1.8.1"
backend = "github:modelcontextprotocol/registry"
specifiers = ["1.8.1"]

[tools.mcp-publisher.options]
matching = "mcp-publisher_"

[tools.mcp-publisher."platforms.linux-x64"]
checksum = "sha256:a06c9096dcb9727c13555b6be26c7effa707b01f06a4c561ba7a3635443cf2cc"
url = "https://github.com/modelcontextprotocol/registry/releases/download/v1.8.1/mcp-publisher_linux_amd64.tar.gz"
url_api = "https://api.github.com/repos/modelcontextprotocol/registry/releases/assets/504323513"

[tools.mcp-publisher."platforms.macos-arm64"]
checksum = "sha256:e45e520892460732a4bdf37255576415d4a53ec171f8b913faf15bb1aef7cb77"
url = "https://github.com/modelcontextprotocol/registry/releases/download/v1.8.1/mcp-publisher_darwin_arm64.tar.gz"
url_api = "https://api.github.com/repos/modelcontextprotocol/registry/releases/assets/504323523"

[tools.mcp-publisher."platforms.windows-x64"]
checksum = "sha256:399ad0d6e00a50812b563a71d8bfbff5160c085e6b13aac6ec083d98d5ff7c45"
url = "https://github.com/modelcontextprotocol/registry/releases/download/v1.8.1/mcp-publisher_windows_amd64.tar.gz"
url_api = "https://api.github.com/repos/modelcontextprotocol/registry/releases/assets/504323530"

[[tools.powershell]]
version = "7.6.5"
backend = "aqua:PowerShell/PowerShell"
specifiers = ["7.6.5"]

[tools.powershell."platforms.linux-x64"]
checksum = "sha256:b34ab3b19acac1d3d4d0d3cfdb02acf62f457b0b6a962ff008132033f7566844"
url = "https://github.com/PowerShell/PowerShell/releases/download/v7.6.5/powershell-7.6.5-linux-x64.tar.gz"
url_api = "https://api.github.com/repos/PowerShell/PowerShell/releases/assets/514627464"

[tools.powershell."platforms.macos-arm64"]
checksum = "sha256:8196d4b4e7c21b7f6df9d45687bb4e42dc8335f330b580d9eb15f3ef5042a8c3"
url = "https://github.com/PowerShell/PowerShell/releases/download/v7.6.5/powershell-7.6.5-osx-arm64.tar.gz"
url_api = "https://api.github.com/repos/PowerShell/PowerShell/releases/assets/514627561"

[tools.powershell."platforms.windows-x64"]
checksum = "sha256:32eb8f6cdce08f86e987d625a2733e54ac3e289ae7e1621b14c0b5bcec2434ea"
url = "https://github.com/PowerShell/PowerShell/releases/download/v7.6.5/PowerShell-7.6.5-win-x64.zip"
url_api = "https://api.github.com/repos/PowerShell/PowerShell/releases/assets/514628305"

[[tools.task]]
version = "3.53.1"
backend = "aqua:go-task/task"
specifiers = ["3.53.1"]

[tools.task."platforms.linux-x64"]
checksum = "sha256:a54a408f6861ff921f6e87774180db31bacd8c1e7c944ca696db9fea49a82fc7"
url = "https://github.com/go-task/task/releases/download/v3.53.1/task_linux_amd64.tar.gz"
url_api = "https://api.github.com/repos/go-task/task/releases/assets/519645449"

[tools.task."platforms.macos-arm64"]
checksum = "sha256:85d2d96c2380b33d7855b07b3f7a20dc7ca0eda999a26efa0fb5f6f32b366cd7"
url = "https://github.com/go-task/task/releases/download/v3.53.1/task_darwin_arm64.tar.gz"
url_api = "https://api.github.com/repos/go-task/task/releases/assets/519645491"

[tools.task."platforms.windows-x64"]
checksum = "sha256:27c0cd248c12cba03d8958d954a3df981c900be885ec9ce5f6a3cdc4e9a19316"
url = "https://github.com/go-task/task/releases/download/v3.53.1/task_windows_amd64.zip"
url_api = "https://api.github.com/repos/go-task/task/releases/assets/519645548"
