<Solution>
  <Folder Name="/src/">
    <Project Path="src/MtgMcp.App/MtgMcp.App.csproj" />
    <Project Path="src/MtgMcp.Core/MtgMcp.Core.csproj" />
    <Project Path="src/MtgMcp.Decks/MtgMcp.Decks.csproj" />
  </Folder>
  <Folder Name="/tests/">
    <Project Path="tests/MtgMcp.App.Tests/MtgMcp.App.Tests.csproj" />
    <Project Path="tests/MtgMcp.Architecture.Tests/MtgMcp.Architecture.Tests.csproj" />
    <Project Path="tests/MtgMcp.Core.Tests/MtgMcp.Core.Tests.csproj" />
    <Project Path="tests/MtgMcp.Decks.Tests/MtgMcp.Decks.Tests.csproj" />
    <Project Path="tests/MtgMcp.E2E.Tests/MtgMcp.E2E.Tests.csproj" />
  </Folder>
</Solution>
